Microsoft Visual Studio Solution File, Format Version 12.00
# Visual Studio Version 17
VisualStudioVersion = 17.5.2.0
MinimumVisualStudioVersion = 10.0.40219.1
Project("{FAE04EC0-301F-11D3-BF4B-00C04F79EFBC}") = "BackendWizardAPI", "BackendWizardAPI.csproj", "{2D3B80D4-93D7-3B2F-78BF-709A6C75472F}"
EndProject
Global
	GlobalSection(SolutionConfigurationPlatforms) = preSolution
		Debug|Any CPU = Debug|Any CPU
		Release|Any CPU = Release|Any CPU
	EndGlobalSection
	GlobalSection(ProjectConfigurationPlatforms) = postSolution
		{2D3B80D4-93D7-3B2F-78BF-709A6C75472F}.Debug|Any CPU.ActiveCfg = Debug|Any CPU
		{2D3B80D4-93D7-3B2F-78BF-709A6C75472F}.Debug|Any CPU.Build.0 = Debug|Any CPU
		{2D3B80D4-93D7-3B2F-78BF-709A6C75472F}.Release|Any CPU.ActiveCfg = Release|Any CPU
		{2D3B80D4-93D7-3B2F-78BF-709A6C75472F}.Release|Any CPU.Build.0 = Release|Any CPU
	EndGlobalSection
	GlobalSection(SolutionProperties) = preSolution
		HideSolutionNode = FALSE
	EndGlobalSection
	GlobalSection(ExtensibilityGlobals) = postSolution
		SolutionGuid = {0A38ADCF-B368-4328-B6C7-F2D62E34702F}
	EndGlobalSection
EndGlobal
